
Microsoft Visual Studio Solution File, Format Version 12.00
# Visual Studio 14
VisualStudioVersion = 14.0.25420.1
MinimumVisualStudioVersion = 10.0.40219.1
Project("{FAE04EC0-301F-11D3-BF4B-00C04F79EFBC}") = "ForeignExchangeWin2.Android", "ForeignExchangeWin2\ForeignExchangeWin2.Android\ForeignExchangeWin2.Android.csproj", "{FD5924C2-5E6F-4512-9CBD-94759E912788}"
EndProject
Project("{FAE04EC0-301F-11D3-BF4B-00C04F79EFBC}") = "ForeignExchangeWin2", "ForeignExchangeWin2\ForeignExchangeWin2\ForeignExchangeWin2.csproj", "{F4483471-BAA7-4781-9218-C0D88345C5B6}"
EndProject
Project("{FAE04EC0-301F-11D3-BF4B-00C04F79EFBC}") = "ForeignExchangeWin2.UWP", "ForeignExchangeWin2\ForeignExchangeWin2.UWP\ForeignExchangeWin2.UWP.csproj", "{EBD14A16-EDCB-430B-BA0C-96A1F777290D}"
EndProject
Project("{FAE04EC0-301F-11D3-BF4B-00C04F79EFBC}") = "ForeignExchangeWin2.iOS", "ForeignExchangeWin2\ForeignExchangeWin2.iOS\ForeignExchangeWin2.iOS.csproj", "{CFB02383-4FF4-41F2-BCEE-FF146AD66A3E}"
EndProject
Global
	GlobalSection(SolutionConfigurationPlatforms) = preSolution
		Ad-Hoc|Any CPU = Ad-Hoc|Any CPU
		Ad-Hoc|ARM = Ad-Hoc|ARM
		Ad-Hoc|iPhone = Ad-Hoc|iPhone
		Ad-Hoc|iPhoneSimulator = Ad-Hoc|iPhoneSimulator
		Ad-Hoc|x64 = Ad-Hoc|x64
		Ad-Hoc|x86 = Ad-Hoc|x86
		AppStore|Any CPU = AppStore|Any CPU
		AppStore|ARM = AppStore|ARM
		AppStore|iPhone = AppStore|iPhone
		AppStore|iPhoneSimulator = AppStore|iPhoneSimulator
		AppStore|x64 = AppStore|x64
		AppStore|x86 = AppStore|x86
		Debug|Any CPU = Debug|Any CPU
		Debug|ARM = Debug|ARM
		Debug|iPhone = Debug|iPhone
		Debug|iPhoneSimulator = Debug|iPhoneSimulator
		Debug|x64 = Debug|x64
		Debug|x86 = Debug|x86
		Release|Any CPU = Release|Any CPU
		Release|ARM = Release|ARM
		Release|iPhone = Release|iPhone
		Release|iPhoneSimulator = Release|iPhoneSimulator
		Release|x64 = Release|x64
		Release|x86 = Release|x86
	EndGlobalSection
	GlobalSection(ProjectConfigurationPlatforms) = postSolution
		{FD5924C2-5E6F-4512-9CBD-94759E912788}.Ad-Hoc|Any CPU.ActiveCfg = Release|Any CPU
		{FD5924C2-5E6F-4512-9CBD-94759E912788}.Ad-Hoc|Any CPU.Build.0 = Release|Any CPU
		{FD5924C2-5E6F-4512-9CBD-94759E912788}.Ad-Hoc|Any CPU.Deploy.0 = Release|Any CPU
		{FD5924C2-5E6F-4512-9CBD-94759E912788}.Ad-Hoc|ARM.ActiveCfg = Release|Any CPU
		{FD5924C2-5E6F-4512-9CBD-94759E912788}.Ad-Hoc|ARM.Build.0 = Release|Any CPU
		{FD5924C2-5E6F-4512-9CBD-94759E912788}.Ad-Hoc|ARM.Deploy.0 = Release|Any CPU
		{FD5924C2-5E6F-4512-9CBD-94759E912788}.Ad-Hoc|iPhone.ActiveCfg = Release|Any CPU
		{FD5924C2-5E6F-4512-9CBD-94759E912788}.Ad-Hoc|iPhone.Build.0 = Release|Any CPU
		{FD5924C2-5E6F-4512-9CBD-94759E912788}.Ad-Hoc|iPhone.Deploy.0 = Release|Any CPU
		{FD5924C2-5E6F-4512-9CBD-94759E912788}.Ad-Hoc|iPhoneSimulator.ActiveCfg = Release|Any CPU
		{FD5924C2-5E6F-4512-9CBD-94759E912788}.Ad-Hoc|iPhoneSimulator.Build.0 = Release|Any CPU
		{FD5924C2-5E6F-4512-9CBD-94759E912788}.Ad-Hoc|iPhoneSimulator.Deploy.0 = Release|Any CPU
		{FD5924C2-5E6F-4512-9CBD-94759E912788}.Ad-Hoc|x64.ActiveCfg = Release|Any CPU
		{FD5924C2-5E6F-4512-9CBD-94759E912788}.Ad-Hoc|x64.Build.0 = Release|Any CPU
		{FD5924C2-5E6F-4512-9CBD-94759E912788}.Ad-Hoc|x64.Deploy.0 = Release|Any CPU
		{FD5924C2-5E6F-4512-9CBD-94759E912788}.Ad-Hoc|x86.ActiveCfg = Release|Any CPU
		{FD5924C2-5E6F-4512-9CBD-94759E912788}.Ad-Hoc|x86.Build.0 = Release|Any CPU
		{FD5924C2-5E6F-4512-9CBD-94759E912788}.Ad-Hoc|x86.Deploy.0 = Release|Any CPU
		{FD5924C2-5E6F-4512-9CBD-94759E912788}.AppStore|Any CPU.ActiveCfg = Release|Any CPU
		{FD5924C2-5E6F-4512-9CBD-94759E912788}.AppStore|Any CPU.Build.0 = Release|Any CPU
		{FD5924C2-5E6F-4512-9CBD-94759E912788}.AppStore|Any CPU.Deploy.0 = Release|Any CPU
		{FD5924C2-5E6F-4512-9CBD-94759E912788}.AppStore|ARM.ActiveCfg = Release|Any CPU
		{FD5924C2-5E6F-4512-9CBD-94759E912788}.AppStore|ARM.Build.0 = Release|Any CPU
		{FD5924C2-5E6F-4512-9CBD-94759E912788}.AppStore|ARM.Deploy.0 = Release|Any CPU
		{FD5924C2-5E6F-4512-9CBD-94759E912788}.AppStore|iPhone.ActiveCfg = Release|Any CPU
		{FD5924C2-5E6F-4512-9CBD-94759E912788}.AppStore|iPhone.Build.0 = Release|Any CPU
		{FD5924C2-5E6F-4512-9CBD-94759E912788}.AppStore|iPhone.Deploy.0 = Release|Any CPU
		{FD5924C2-5E6F-4512-9CBD-94759E912788}.AppStore|iPhoneSimulator.ActiveCfg = Release|Any CPU
		{FD5924C2-5E6F-4512-9CBD-94759E912788}.AppStore|iPhoneSimulator.Build.0 = Release|Any CPU
		{FD5924C2-5E6F-4512-9CBD-94759E912788}.AppStore|iPhoneSimulator.Deploy.0 = Release|Any CPU
		{FD5924C2-5E6F-4512-9CBD-94759E912788}.AppStore|x64.ActiveCfg = Release|Any CPU
		{FD5924C2-5E6F-4512-9CBD-94759E912788}.AppStore|x64.Build.0 = Release|Any CPU
		{FD5924C2-5E6F-4512-9CBD-94759E912788}.AppStore|x64.Deploy.0 = Release|Any CPU
		{FD5924C2-5E6F-4512-9CBD-94759E912788}.AppStore|x86.ActiveCfg = Release|Any CPU
		{FD5924C2-5E6F-4512-9CBD-94759E912788}.AppStore|x86.Build.0 = Release|Any CPU
		{FD5924C2-5E6F-4512-9CBD-94759E912788}.AppStore|x86.Deploy.0 = Release|Any CPU
		{FD5924C2-5E6F-4512-9CBD-94759E912788}.Debug|Any CPU.ActiveCfg = Debug|Any CPU
		{FD5924C2-5E6F-4512-9CBD-94759E912788}.Debug|Any CPU.Build.0 = Debug|Any CPU
		{FD5924C2-5E6F-4512-9CBD-94759E912788}.Debug|Any CPU.Deploy.0 = Debug|Any CPU
		{FD5924C2-5E6F-4512-9CBD-94759E912788}.Debug|ARM.ActiveCfg = Debug|Any CPU
		{FD5924C2-5E6F-4512-9CBD-94759E912788}.Debug|ARM.Build.0 = Debug|Any CPU
		{FD5924C2-5E6F-4512-9CBD-94759E912788}.Debug|ARM.Deploy.0 = Debug|Any CPU
		{FD5924C2-5E6F-4512-9CBD-94759E912788}.Debug|iPhone.ActiveCfg = Debug|Any CPU
		{FD5924C2-5E6F-4512-9CBD-94759E912788}.Debug|iPhone.Build.0 = Debug|Any CPU
		{FD5924C2-5E6F-4512-9CBD-94759E912788}.Debug|iPhone.Deploy.0 = Debug|Any CPU
		{FD5924C2-5E6F-4512-9CBD-94759E912788}.Debug|iPhoneSimulator.ActiveCfg = Debug|Any CPU
		{FD5924C2-5E6F-4512-9CBD-94759E912788}.Debug|iPhoneSimulator.Build.0 = Debug|Any CPU
		{FD5924C2-5E6F-4512-9CBD-94759E912788}.Debug|iPhoneSimulator.Deploy.0 = Debug|Any CPU
		{FD5924C2-5E6F-4512-9CBD-94759E912788}.Debug|x64.ActiveCfg = Debug|Any CPU
		{FD5924C2-5E6F-4512-9CBD-94759E912788}.Debug|x64.Build.0 = Debug|Any CPU
		{FD5924C2-5E6F-4512-9CBD-94759E912788}.Debug|x64.Deploy.0 = Debug|Any CPU
		{FD5924C2-5E6F-4512-9CBD-94759E912788}.Debug|x86.ActiveCfg = Debug|Any CPU
		{FD5924C2-5E6F-4512-9CBD-94759E912788}.Debug|x86.Build.0 = Debug|Any CPU
		{FD5924C2-5E6F-4512-9CBD-94759E912788}.Debug|x86.Deploy.0 = Debug|Any CPU
		{FD5924C2-5E6F-4512-9CBD-94759E912788}.Release|Any CPU.ActiveCfg = Release|Any CPU
		{FD5924C2-5E6F-4512-9CBD-94759E912788}.Release|Any CPU.Build.0 = Release|Any CPU
		{FD5924C2-5E6F-4512-9CBD-94759E912788}.Release|Any CPU.Deploy.0 = Release|Any CPU
		{FD5924C2-5E6F-4512-9CBD-94759E912788}.Release|ARM.ActiveCfg = Release|Any CPU
		{FD5924C2-5E6F-4512-9CBD-94759E912788}.Release|ARM.Build.0 = Release|Any CPU
		{FD5924C2-5E6F-4512-9CBD-94759E912788}.Release|ARM.Deploy.0 = Release|Any CPU
		{FD5924C2-5E6F-4512-9CBD-94759E912788}.Release|iPhone.ActiveCfg = Release|Any CPU
		{FD5924C2-5E6F-4512-9CBD-94759E912788}.Release|iPhone.Build.0 = Release|Any CPU
		{FD5924C2-5E6F-4512-9CBD-94759E912788}.Release|iPhone.Deploy.0 = Release|Any CPU
		{FD5924C2-5E6F-4512-9CBD-94759E912788}.Release|iPhoneSimulator.ActiveCfg = Release|Any CPU
		{FD5924C2-5E6F-4512-9CBD-94759E912788}.Release|iPhoneSimulator.Build.0 = Release|Any CPU
		{FD5924C2-5E6F-4512-9CBD-94759E912788}.Release|iPhoneSimulator.Deploy.0 = Release|Any CPU
		{FD5924C2-5E6F-4512-9CBD-94759E912788}.Release|x64.ActiveCfg = Release|Any CPU
		{FD5924C2-5E6F-4512-9CBD-94759E912788}.Release|x64.Build.0 = Release|Any CPU
		{FD5924C2-5E6F-4512-9CBD-94759E912788}.Release|x64.Deploy.0 = Release|Any CPU
		{FD5924C2-5E6F-4512-9CBD-94759E912788}.Release|x86.ActiveCfg = Release|Any CPU
		{FD5924C2-5E6F-4512-9CBD-94759E912788}.Release|x86.Build.0 = Release|Any CPU
		{FD5924C2-5E6F-4512-9CBD-94759E912788}.Release|x86.Deploy.0 = Release|Any CPU
		{F4483471-BAA7-4781-9218-C0D88345C5B6}.Ad-Hoc|Any CPU.ActiveCfg = Release|Any CPU
		{F4483471-BAA7-4781-9218-C0D88345C5B6}.Ad-Hoc|Any CPU.Build.0 = Release|Any CPU
		{F4483471-BAA7-4781-9218-C0D88345C5B6}.Ad-Hoc|ARM.ActiveCfg = Release|Any CPU
		{F4483471-BAA7-4781-9218-C0D88345C5B6}.Ad-Hoc|ARM.Build.0 = Release|Any CPU
		{F4483471-BAA7-4781-9218-C0D88345C5B6}.Ad-Hoc|iPhone.ActiveCfg = Release|Any CPU
		{F4483471-BAA7-4781-9218-C0D88345C5B6}.Ad-Hoc|iPhone.Build.0 = Release|Any CPU
		{F4483471-BAA7-4781-9218-C0D88345C5B6}.Ad-Hoc|iPhoneSimulator.ActiveCfg = Release|Any CPU
		{F4483471-BAA7-4781-9218-C0D88345C5B6}.Ad-Hoc|iPhoneSimulator.Build.0 = Release|Any CPU
		{F4483471-BAA7-4781-9218-C0D88345C5B6}.Ad-Hoc|x64.ActiveCfg = Release|Any CPU
		{F4483471-BAA7-4781-9218-C0D88345C5B6}.Ad-Hoc|x64.Build.0 = Release|Any CPU
		{F4483471-BAA7-4781-9218-C0D88345C5B6}.Ad-Hoc|x86.ActiveCfg = Release|Any CPU
		{F4483471-BAA7-4781-9218-C0D88345C5B6}.Ad-Hoc|x86.Build.0 = Release|Any CPU
		{F4483471-BAA7-4781-9218-C0D88345C5B6}.AppStore|Any CPU.ActiveCfg = Release|Any CPU
		{F4483471-BAA7-4781-9218-C0D88345C5B6}.AppStore|Any CPU.Build.0 = Release|Any CPU
		{F4483471-BAA7-4781-9218-C0D88345C5B6}.AppStore|ARM.ActiveCfg = Release|Any CPU
		{F4483471-BAA7-4781-9218-C0D88345C5B6}.AppStore|ARM.Build.0 = Release|Any CPU
		{F4483471-BAA7-4781-9218-C0D88345C5B6}.AppStore|iPhone.ActiveCfg = Release|Any CPU
		{F4483471-BAA7-4781-9218-C0D88345C5B6}.AppStore|iPhone.Build.0 = Release|Any CPU
		{F4483471-BAA7-4781-9218-C0D88345C5B6}.AppStore|iPhoneSimulator.ActiveCfg = Release|Any CPU
		{F4483471-BAA7-4781-9218-C0D88345C5B6}.AppStore|iPhoneSimulator.Build.0 = Release|Any CPU
		{F4483471-BAA7-4781-9218-C0D88345C5B6}.AppStore|x64.ActiveCfg = Release|Any CPU
		{F4483471-BAA7-4781-9218-C0D88345C5B6}.AppStore|x64.Build.0 = Release|Any CPU
		{F4483471-BAA7-4781-9218-C0D88345C5B6}.AppStore|x86.ActiveCfg = Release|Any CPU
		{F4483471-BAA7-4781-9218-C0D88345C5B6}.AppStore|x86.Build.0 = Release|Any CPU
		{F4483471-BAA7-4781-9218-C0D88345C5B6}.Debug|Any CPU.ActiveCfg = Debug|Any CPU
		{F4483471-BAA7-4781-9218-C0D88345C5B6}.Debug|Any CPU.Build.0 = Debug|Any CPU
		{F4483471-BAA7-4781-9218-C0D88345C5B6}.Debug|ARM.ActiveCfg = Debug|Any CPU
		{F4483471-BAA7-4781-9218-C0D88345C5B6}.Debug|ARM.Build.0 = Debug|Any CPU
		{F4483471-BAA7-4781-9218-C0D88345C5B6}.Debug|iPhone.ActiveCfg = Debug|Any CPU
		{F4483471-BAA7-4781-9218-C0D88345C5B6}.Debug|iPhone.Build.0 = Debug|Any CPU
		{F4483471-BAA7-4781-9218-C0D88345C5B6}.Debug|iPhoneSimulator.ActiveCfg = Debug|Any CPU
		{F4483471-BAA7-4781-9218-C0D88345C5B6}.Debug|iPhoneSimulator.Build.0 = Debug|Any CPU
		{F4483471-BAA7-4781-9218-C0D88345C5B6}.Debug|x64.ActiveCfg = Debug|Any CPU
		{F4483471-BAA7-4781-9218-C0D88345C5B6}.Debug|x64.Build.0 = Debug|Any CPU
		{F4483471-BAA7-4781-9218-C0D88345C5B6}.Debug|x86.ActiveCfg = Debug|Any CPU
		{F4483471-BAA7-4781-9218-C0D88345C5B6}.Debug|x86.Build.0 = Debug|Any CPU
		{F4483471-BAA7-4781-9218-C0D88345C5B6}.Release|Any CPU.ActiveCfg = Release|Any CPU
		{F4483471-BAA7-4781-9218-C0D88345C5B6}.Release|Any CPU.Build.0 = Release|Any CPU
		{F4483471-BAA7-4781-9218-C0D88345C5B6}.Release|ARM.ActiveCfg = Release|Any CPU
		{F4483471-BAA7-4781-9218-C0D88345C5B6}.Release|ARM.Build.0 = Release|Any CPU
		{F4483471-BAA7-4781-9218-C0D88345C5B6}.Release|iPhone.ActiveCfg = Release|Any CPU
		{F4483471-BAA7-4781-9218-C0D88345C5B6}.Release|iPhone.Build.0 = Release|Any CPU
		{F4483471-BAA7-4781-9218-C0D88345C5B6}.Release|iPhoneSimulator.ActiveCfg = Release|Any CPU
		{F4483471-BAA7-4781-9218-C0D88345C5B6}.Release|iPhoneSimulator.Build.0 = Release|Any CPU
		{F4483471-BAA7-4781-9218-C0D88345C5B6}.Release|x64.ActiveCfg = Release|Any CPU
		{F4483471-BAA7-4781-9218-C0D88345C5B6}.Release|x64.Build.0 = Release|Any CPU
		{F4483471-BAA7-4781-9218-C0D88345C5B6}.Release|x86.ActiveCfg = Release|Any CPU
		{F4483471-BAA7-4781-9218-C0D88345C5B6}.Release|x86.Build.0 = Release|Any CPU
		{EBD14A16-EDCB-430B-BA0C-96A1F777290D}.Ad-Hoc|Any CPU.ActiveCfg = Release|x86
		{EBD14A16-EDCB-430B-BA0C-96A1F777290D}.Ad-Hoc|Any CPU.Build.0 = Release|x86
		{EBD14A16-EDCB-430B-BA0C-96A1F777290D}.Ad-Hoc|Any CPU.Deploy.0 = Release|x86
		{EBD14A16-EDCB-430B-BA0C-96A1F777290D}.Ad-Hoc|ARM.ActiveCfg = Release|ARM
		{EBD14A16-EDCB-430B-BA0C-96A1F777290D}.Ad-Hoc|ARM.Build.0 = Release|ARM
		{EBD14A16-EDCB-430B-BA0C-96A1F777290D}.Ad-Hoc|ARM.Deploy.0 = Release|ARM
		{EBD14A16-EDCB-430B-BA0C-96A1F777290D}.Ad-Hoc|iPhone.ActiveCfg = Release|x86
		{EBD14A16-EDCB-430B-BA0C-96A1F777290D}.Ad-Hoc|iPhone.Build.0 = Release|x86
		{EBD14A16-EDCB-430B-BA0C-96A1F777290D}.Ad-Hoc|iPhone.Deploy.0 = Release|x86
		{EBD14A16-EDCB-430B-BA0C-96A1F777290D}.Ad-Hoc|iPhoneSimulator.ActiveCfg = Release|x86
		{EBD14A16-EDCB-430B-BA0C-96A1F777290D}.Ad-Hoc|iPhoneSimulator.Build.0 = Release|x86
		{EBD14A16-EDCB-430B-BA0C-96A1F777290D}.Ad-Hoc|iPhoneSimulator.Deploy.0 = Release|x86
		{EBD14A16-EDCB-430B-BA0C-96A1F777290D}.Ad-Hoc|x64.ActiveCfg = Release|x64
		{EBD14A16-EDCB-430B-BA0C-96A1F777290D}.Ad-Hoc|x64.Build.0 = Release|x64
		{EBD14A16-EDCB-430B-BA0C-96A1F777290D}.Ad-Hoc|x64.Deploy.0 = Release|x64
		{EBD14A16-EDCB-430B-BA0C-96A1F777290D}.Ad-Hoc|x86.ActiveCfg = Release|x86
		{EBD14A16-EDCB-430B-BA0C-96A1F777290D}.Ad-Hoc|x86.Build.0 = Release|x86
		{EBD14A16-EDCB-430B-BA0C-96A1F777290D}.Ad-Hoc|x86.Deploy.0 = Release|x86
		{EBD14A16-EDCB-430B-BA0C-96A1F777290D}.AppStore|Any CPU.ActiveCfg = Release|x86
		{EBD14A16-EDCB-430B-BA0C-96A1F777290D}.AppStore|Any CPU.Build.0 = Release|x86
		{EBD14A16-EDCB-430B-BA0C-96A1F777290D}.AppStore|Any CPU.Deploy.0 = Release|x86
		{EBD14A16-EDCB-430B-BA0C-96A1F777290D}.AppStore|ARM.ActiveCfg = Release|ARM
		{EBD14A16-EDCB-430B-BA0C-96A1F777290D}.AppStore|ARM.Build.0 = Release|ARM
		{EBD14A16-EDCB-430B-BA0C-96A1F777290D}.AppStore|ARM.Deploy.0 = Release|ARM
		{EBD14A16-EDCB-430B-BA0C-96A1F777290D}.AppStore|iPhone.ActiveCfg = Release|x86
		{EBD14A16-EDCB-430B-BA0C-96A1F777290D}.AppStore|iPhone.Build.0 = Release|x86
		{EBD14A16-EDCB-430B-BA0C-96A1F777290D}.AppStore|iPhone.Deploy.0 = Release|x86
		{EBD14A16-EDCB-430B-BA0C-96A1F777290D}.AppStore|iPhoneSimulator.ActiveCfg = Release|x86
		{EBD14A16-EDCB-430B-BA0C-96A1F777290D}.AppStore|iPhoneSimulator.Build.0 = Release|x86
		{EBD14A16-EDCB-430B-BA0C-96A1F777290D}.AppStore|iPhoneSimulator.Deploy.0 = Release|x86
		{EBD14A16-EDCB-430B-BA0C-96A1F777290D}.AppStore|x64.ActiveCfg = Release|x64
		{EBD14A16-EDCB-430B-BA0C-96A1F777290D}.AppStore|x64.Build.0 = Release|x64
		{EBD14A16-EDCB-430B-BA0C-96A1F777290D}.AppStore|x64.Deploy.0 = Release|x64
		{EBD14A16-EDCB-430B-BA0C-96A1F777290D}.AppStore|x86.ActiveCfg = Release|x86
		{EBD14A16-EDCB-430B-BA0C-96A1F777290D}.AppStore|x86.Build.0 = Release|x86
		{EBD14A16-EDCB-430B-BA0C-96A1F777290D}.AppStore|x86.Deploy.0 = Release|x86
		{EBD14A16-EDCB-430B-BA0C-96A1F777290D}.Debug|Any CPU.ActiveCfg = Debug|x86
		{EBD14A16-EDCB-430B-BA0C-96A1F777290D}.Debug|Any CPU.Build.0 = Debug|x86
		{EBD14A16-EDCB-430B-BA0C-96A1F777290D}.Debug|Any CPU.Deploy.0 = Debug|x86
		{EBD14A16-EDCB-430B-BA0C-96A1F777290D}.Debug|ARM.ActiveCfg = Debug|ARM
		{EBD14A16-EDCB-430B-BA0C-96A1F777290D}.Debug|ARM.Build.0 = Debug|ARM
		{EBD14A16-EDCB-430B-BA0C-96A1F777290D}.Debug|ARM.Deploy.0 = Debug|ARM
		{EBD14A16-EDCB-430B-BA0C-96A1F777290D}.Debug|iPhone.ActiveCfg = Debug|x86
		{EBD14A16-EDCB-430B-BA0C-96A1F777290D}.Debug|iPhoneSimulator.ActiveCfg = Debug|x86
		{EBD14A16-EDCB-430B-BA0C-96A1F777290D}.Debug|x64.ActiveCfg = Debug|x64
		{EBD14A16-EDCB-430B-BA0C-96A1F777290D}.Debug|x64.Build.0 = Debug|x64
		{EBD14A16-EDCB-430B-BA0C-96A1F777290D}.Debug|x64.Deploy.0 = Debug|x64
		{EBD14A16-EDCB-430B-BA0C-96A1F777290D}.Debug|x86.ActiveCfg = Debug|x86
		{EBD14A16-EDCB-430B-BA0C-96A1F777290D}.Debug|x86.Build.0 = Debug|x86
		{EBD14A16-EDCB-430B-BA0C-96A1F777290D}.Debug|x86.Deploy.0 = Debug|x86
		{EBD14A16-EDCB-430B-BA0C-96A1F777290D}.Release|Any CPU.ActiveCfg = Release|x86
		{EBD14A16-EDCB-430B-BA0C-96A1F777290D}.Release|ARM.ActiveCfg = Release|ARM
		{EBD14A16-EDCB-430B-BA0C-96A1F777290D}.Release|ARM.Build.0 = Release|ARM
		{EBD14A16-EDCB-430B-BA0C-96A1F777290D}.Release|ARM.Deploy.0 = Release|ARM
		{EBD14A16-EDCB-430B-BA0C-96A1F777290D}.Release|iPhone.ActiveCfg = Release|x86
		{EBD14A16-EDCB-430B-BA0C-96A1F777290D}.Release|iPhoneSimulator.ActiveCfg = Release|x86
		{EBD14A16-EDCB-430B-BA0C-96A1F777290D}.Release|x64.ActiveCfg = Release|x64
		{EBD14A16-EDCB-430B-BA0C-96A1F777290D}.Release|x64.Build.0 = Release|x64
		{EBD14A16-EDCB-430B-BA0C-96A1F777290D}.Release|x64.Deploy.0 = Release|x64
		{EBD14A16-EDCB-430B-BA0C-96A1F777290D}.Release|x86.ActiveCfg = Release|x86
		{EBD14A16-EDCB-430B-BA0C-96A1F777290D}.Release|x86.Build.0 = Release|x86
		{EBD14A16-EDCB-430B-BA0C-96A1F777290D}.Release|x86.Deploy.0 = Release|x86
		{CFB02383-4FF4-41F2-BCEE-FF146AD66A3E}.Ad-Hoc|Any CPU.ActiveCfg = Ad-Hoc|iPhone
		{CFB02383-4FF4-41F2-BCEE-FF146AD66A3E}.Ad-Hoc|ARM.ActiveCfg = Ad-Hoc|iPhone
		{CFB02383-4FF4-41F2-BCEE-FF146AD66A3E}.Ad-Hoc|iPhone.ActiveCfg = Ad-Hoc|iPhone
		{CFB02383-4FF4-41F2-BCEE-FF146AD66A3E}.Ad-Hoc|iPhone.Build.0 = Ad-Hoc|iPhone
		{CFB02383-4FF4-41F2-BCEE-FF146AD66A3E}.Ad-Hoc|iPhoneSimulator.ActiveCfg = Ad-Hoc|iPhoneSimulator
		{CFB02383-4FF4-41F2-BCEE-FF146AD66A3E}.Ad-Hoc|iPhoneSimulator.Build.0 = Ad-Hoc|iPhoneSimulator
		{CFB02383-4FF4-41F2-BCEE-FF146AD66A3E}.Ad-Hoc|x64.ActiveCfg = Ad-Hoc|iPhone
		{CFB02383-4FF4-41F2-BCEE-FF146AD66A3E}.Ad-Hoc|x86.ActiveCfg = Ad-Hoc|iPhone
		{CFB02383-4FF4-41F2-BCEE-FF146AD66A3E}.AppStore|Any CPU.ActiveCfg = AppStore|iPhone
		{CFB02383-4FF4-41F2-BCEE-FF146AD66A3E}.AppStore|ARM.ActiveCfg = AppStore|iPhone
		{CFB02383-4FF4-41F2-BCEE-FF146AD66A3E}.AppStore|iPhone.ActiveCfg = AppStore|iPhone
		{CFB02383-4FF4-41F2-BCEE-FF146AD66A3E}.AppStore|iPhone.Build.0 = AppStore|iPhone
		{CFB02383-4FF4-41F2-BCEE-FF146AD66A3E}.AppStore|iPhoneSimulator.ActiveCfg = AppStore|iPhoneSimulator
		{CFB02383-4FF4-41F2-BCEE-FF146AD66A3E}.AppStore|iPhoneSimulator.Build.0 = AppStore|iPhoneSimulator
		{CFB02383-4FF4-41F2-BCEE-FF146AD66A3E}.AppStore|x64.ActiveCfg = AppStore|iPhone
		{CFB02383-4FF4-41F2-BCEE-FF146AD66A3E}.AppStore|x86.ActiveCfg = AppStore|iPhone
		{CFB02383-4FF4-41F2-BCEE-FF146AD66A3E}.Debug|Any CPU.ActiveCfg = Debug|iPhone
		{CFB02383-4FF4-41F2-BCEE-FF146AD66A3E}.Debug|ARM.ActiveCfg = Debug|iPhone
		{CFB02383-4FF4-41F2-BCEE-FF146AD66A3E}.Debug|iPhone.ActiveCfg = Debug|iPhone
		{CFB02383-4FF4-41F2-BCEE-FF146AD66A3E}.Debug|iPhone.Build.0 = Debug|iPhone
		{CFB02383-4FF4-41F2-BCEE-FF146AD66A3E}.Debug|iPhoneSimulator.ActiveCfg = Debug|iPhoneSimulator
		{CFB02383-4FF4-41F2-BCEE-FF146AD66A3E}.Debug|iPhoneSimulator.Build.0 = Debug|iPhoneSimulator
		{CFB02383-4FF4-41F2-BCEE-FF146AD66A3E}.Debug|x64.ActiveCfg = Debug|iPhone
		{CFB02383-4FF4-41F2-BCEE-FF146AD66A3E}.Debug|x86.ActiveCfg = Debug|iPhone
		{CFB02383-4FF4-41F2-BCEE-FF146AD66A3E}.Release|Any CPU.ActiveCfg = Release|iPhone
		{CFB02383-4FF4-41F2-BCEE-FF146AD66A3E}.Release|ARM.ActiveCfg = Release|iPhone
		{CFB02383-4FF4-41F2-BCEE-FF146AD66A3E}.Release|iPhone.ActiveCfg = Release|iPhone
		{CFB02383-4FF4-41F2-BCEE-FF146AD66A3E}.Release|iPhone.Build.0 = Release|iPhone
		{CFB02383-4FF4-41F2-BCEE-FF146AD66A3E}.Release|iPhoneSimulator.ActiveCfg = Release|iPhoneSimulator
		{CFB02383-4FF4-41F2-BCEE-FF146AD66A3E}.Release|iPhoneSimulator.Build.0 = Release|iPhoneSimulator
		{CFB02383-4FF4-41F2-BCEE-FF146AD66A3E}.Release|x64.ActiveCfg = Release|iPhone
		{CFB02383-4FF4-41F2-BCEE-FF146AD66A3E}.Release|x86.ActiveCfg = Release|iPhone
	EndGlobalSection
	GlobalSection(SolutionProperties) = preSolution
		HideSolutionNode = FALSE
	EndGlobalSection
EndGlobal
